
Microsoft Visual Studio Solution File, Format Version 12.00
# Visual Studio Version 17
VisualStudioVersion = 17.12.35527.113 d17.12
MinimumVisualStudioVersion = 10.0.40219.1
Project("{FAE04EC0-301F-11D3-BF4B-00C04F79EFBC}") = "LoginApp.Api", "LoginApp.Api\LoginApp.Api.csproj", "{F6E251E9-D29A-44A3-B5EA-29C17479BAE4}"
EndProject
Project("{FAE04EC0-301F-11D3-BF4B-00C04F79EFBC}") = "LoginApp", "LoginApp\LoginApp.csproj", "{16A076F7-0886-479C-B99F-C8DFFE5DA954}"
EndProject
Global
	GlobalSection(SolutionConfigurationPlatforms) = preSolution
		Debug|Any CPU = Debug|Any CPU
		Release|Any CPU = Release|Any CPU
	EndGlobalSection
	GlobalSection(ProjectConfigurationPlatforms) = postSolution
		{F6E251E9-D29A-44A3-B5EA-29C17479BAE4}.Debug|Any CPU.ActiveCfg = Debug|Any CPU
		{F6E251E9-D29A-44A3-B5EA-29C17479BAE4}.Debug|Any CPU.Build.0 = Debug|Any CPU
		{F6E251E9-D29A-44A3-B5EA-29C17479BAE4}.Release|Any CPU.ActiveCfg = Release|Any CPU
		{F6E251E9-D29A-44A3-B5EA-29C17479BAE4}.Release|Any CPU.Build.0 = Release|Any CPU
		{16A076F7-0886-479C-B99F-C8DFFE5DA954}.Debug|Any CPU.ActiveCfg = Debug|Any CPU
		{16A076F7-0886-479C-B99F-C8DFFE5DA954}.Debug|Any CPU.Build.0 = Debug|Any CPU
		{16A076F7-0886-479C-B99F-C8DFFE5DA954}.Release|Any CPU.ActiveCfg = Release|Any CPU
		{16A076F7-0886-479C-B99F-C8DFFE5DA954}.Release|Any CPU.Build.0 = Release|Any CPU
	EndGlobalSection
	GlobalSection(SolutionProperties) = preSolution
		HideSolutionNode = FALSE
	EndGlobalSection
EndGlobal
